# This file is automatically @generated by Cargo.
# It is not intended for manual editing.
version = 4

[[package]]
name = "agentos-cli"
version = "0.1.0"

[[package]]
name = "agentos-core"
version = "0.1.0"

[[package]]
name = "agentos-engine"
version = "0.1.0"

[[package]]
name = "agentos-store"
version = "0.1.0"
