# Reviewed upstream stable releases, checked 2026-10-04.
AGENTOS_PYENV_VERSION=2.8.6
AGENTOS_PYENV_COMMIT=3787bacc9188d76ba7ca24c23e26afb1a841a543
AGENTOS_PYENV_SHA256=bbb322b1460b4659dc833b9b460e43aed89027a1b2497add6a4bf38beb7dfcc2
AGENTOS_PYTHON_VERSION=3.14.8
AGENTOS_PYTHON_SHA256=c2215904f02b175596dc49351585104f4bc20341e1c47378b26a2c274360ce73
