{"url":"https://cdn.kernel.org/pub/linux/kernel/v6.x/linux-6.18.51.tar.xz","sha256":"ba2f60f858bf4d1f929101faa356c93dc8b925b17aaa9f95eabd4627758df613","version":"6.18.51","fragments":["firecracker-v1.17.0/microvm-kernel-ci-x86_64-6.18.config","firecracker-v1.17.0/ci.config","firecracker-v1.17.0/nvme.config"],"fragment_sha256":["ba22401a0c7292a4c024ebcd10a562d4a1f1bfd2faed671406d3b159c0cf5215","6ce47107d9fb695a873ffc4733a1d8e1b4941c4f272e20dac4bf163dfb77f47e","4bdf0432753742401ad07fee1bb62478be8066434b84aedc4150766a7ff1eecd"],"source_date_epoch":1756684800}
